git.sr.ht/~jackmordaunt/go-libwebp v1.1.0 h1:rfDv89tb6OuNp8f1TyprOZWaeC/TxqaYvLCI6nHKBY8=
git.sr.ht/~jackmordaunt/go-libwebp v1.1.0/go.mod h1:8557wZRj8KWRPBM+osAuAXVVR5nVURZ3SCG5rnACBdE=
github.com/disintegration/imaging v1.6.2 h1:w1LecBlG2Lnp8B3jk5zSuNqd7b4DXhcjwek1ei82L+c=
github.com/disintegration/imaging v1.6.2/go.mod h1:44/5580QXChDfwIclfc/PCwrr44amcmDAg8hxG0Ewe4=
github.com/dustin/go-humanize v1.0.1 h1:GzkhY7T5VNhEkwH0PVJgjz+fX1rhBrR7pRT3mDkpeCY=
github.com/dustin/go-humanize v1.0.1/go.mod h1:Mu1zIs6XwVuF/gI1OepvI0qD18qycQx+mFykh5fBlto=
github.com/ebitengine/purego v0.5.1 h1:hNunhThpOf1vzKl49v6YxIsXLhl92vbBEv1/2Ez3ZrY=
github.com/ebitengine/purego v0.5.1/go.mod h1:ah1In8AOtksoNK6yk5z1HTJeUkC1Ez4Wk2idgGslMwQ=
github.com/fvbommel/sortorder v1.1.0 h1:fUmoe+HLsBTctBDoaBwpQo5N+nrCp8g/BjKb/6ZQmYw=
github.com/fvbommel/sortorder v1.1.0/go.mod h1:uk88iVf1ovNn1iLfgUVU2F9o5eO30ui720w+kxuqRs0=
github.com/gen2brain/go-fitz v1.23.7 h1:HPhzEVzmOINvCKqQgB/DwMzYh4ArIgy3tMwq1eJTcbg=
github.com/gen2brain/go-fitz v1.23.7/go.mod h1:HU04vc+RisUh/kvEd2pB0LAxmK1oyXdN4ftyshUr9rQ=
github.com/gen2brain/go-unarr v0.2.0 h1:sYKSjbeNSuZgudd59iGAbMbr113XRFoA7Rt9XWA+QVE=
github.com/gen2brain/go-unarr v0.2.0/go.mod h1:hoHheVuf0KT8/hfvkEL7GMwj2h7fq0lF72NdyySdr3c=
github.com/google/uuid v1.3.1 h1:KjJaJ9iWZ3jOFZIf1Lqf4laDRCasjl0BCmnEGxkdLb4=
github.com/google/uuid v1.3.1/go.mod h1:TIyPZe4MgqvfeYDBFedMoGGpEw/LqOeaOT+nhxU+yHo=
github.com/mattn/go-isatty v0.0.20 h1:xfD0iDuEKnDkl03q4limB+vH+GxLEtL/jb4xVJSWWEY=
github.com/mattn/go-isatty v0.0.20/go.mod h1:W+V8PltTTMOvKvAeJH7IuucS94S2C6jfK/D7dTCTo3Y=
github.com/remyoudompheng/bigfft v0.0.0-20230129092748-24d4a6f8daec h1:W09IVJc94icq4NjY3clb7Lk8O1qJ8BdBEF8z0ibU0rE=
github.com/remyoudompheng/bigfft v0.0.0-20230129092748-24d4a6f8daec/go.mod h1:qqbHyh8v60DhA7CoWK5oRCqLrMHRGoxYCSS9EjAz6Eo=
golang.org/x/image v0.0.0-20191009234506-e7c1f5e7dbb8/go.mod h1:FeLwcggjj3mMvU+oOTbSwawSJRM1uh48EjtB4UJZlP0=
golang.org/x/image v0.15.0 h1:kOELfmgrmJlw4Cdb7g/QGuB3CvDrXbqEIww/pNtNBm8=
golang.org/x/image v0.15.0/go.mod h1:HUYqC05R2ZcZ3ejNQsIHQDQiwWM4JBqmm6MKANTp4LE=
golang.org/x/sync v0.6.0 h1:5BMeUDZ7vkXGfEr1x9B4bRcTH4lpkTkpdh0T/J+qjbQ=
golang.org/x/sync v0.6.0/go.mod h1:Czt+wKu1gCyEFDUtn0jG5QVvpJ6rzVqr5aXyt9drQfk=
golang.org/x/sys v0.6.0/go.mod h1:oPkhp1MJrh7nUepCBck5+mAzfO9JrbApNNgaTdGDITg=
golang.org/x/sys v0.13.0 h1:Af8nKPmuFypiUBjVoU9V20FiaFXOcuZI21p0ycVYYGE=
golang.org/x/sys v0.13.0/go.mod h1:oPkhp1MJrh7nUepCBck5+mAzfO9JrbApNNgaTdGDITg=
golang.org/x/text v0.3.0/go.mod h1:NqM8EUOU14njkJ3fqMW+pc6Ldnwhi/IjpwHt7yyuwOQ=
gopkg.in/gographics/imagick.v3 v3.5.1 h1:58JqK0UCx5RfvbRggF5FKuK6jHwAtTQopUxK8mzFa40=
gopkg.in/gographics/imagick.v3 v3.5.1/go.mod h1:+Q9nyA2xRZXrDyTtJ/eko+8V/5E7bWYs08ndkZp8UmA=
modernc.org/libc v1.24.1 h1:uvJSeCKL/AgzBo2yYIPPTy82v21KgGnizcGYfBHaNuM=
modernc.org/libc v1.24.1/go.mod h1:FmfO1RLrU3MHJfyi9eYYmZBfi/R+tqZ6+hQ3yQQUkak=
modernc.org/mathutil v1.6.0 h1:fRe9+AmYlaej+64JsEEhoWuAYBkOtQiMEU7n/XgfYi4=
modernc.org/mathutil v1.6.0/go.mod h1:Ui5Q9q1TR2gFm0AQRqQUaBWFLAhQpCwNcuhBOSedWPo=
modernc.org/memory v1.7.2 h1:Klh90S215mmH8c9gO98QxQFsY+W451E8AnzjoE2ee1E=
modernc.org/memory v1.7.2/go.mod h1:NO4NVCQy0N7ln+T9ngWqOQfi7ley4vpwvARR+Hjw95E=
